
Microsoft Visual Studio Solution File, Format Version 12.00
# Visual Studio Version 16
VisualStudioVersion = 16.0.32228.343
MinimumVisualStudioVersion = 10.0.40219.1
Project("{FAE04EC0-301F-11D3-BF4B-00C04F79EFBC}") = "CoreAPIExercise", "CoreAPIExercise\CoreAPIExercise.csproj", "{22441D28-8009-4B7E-BC6B-19566644E248}"
EndProject
Global
	GlobalSection(SolutionConfigurationPlatforms) = preSolution
		Debug|Any CPU = Debug|Any CPU
		Release|Any CPU = Release|Any CPU
	EndGlobalSection
	GlobalSection(ProjectConfigurationPlatforms) = postSolution
		{22441D28-8009-4B7E-BC6B-19566644E248}.Debug|Any CPU.ActiveCfg = Debug|Any CPU
		{22441D28-8009-4B7E-BC6B-19566644E248}.Debug|Any CPU.Build.0 = Debug|Any CPU
		{22441D28-8009-4B7E-BC6B-19566644E248}.Release|Any CPU.ActiveCfg = Release|Any CPU
		{22441D28-8009-4B7E-BC6B-19566644E248}.Release|Any CPU.Build.0 = Release|Any CPU
	EndGlobalSection
	GlobalSection(SolutionProperties) = preSolution
		HideSolutionNode = FALSE
	EndGlobalSection
	GlobalSection(ExtensibilityGlobals) = postSolution
		SolutionGuid = {3B3ABCBE-47AA-44E2-9109-73A618CB1E4E}
	EndGlobalSection
EndGlobal
